
Microsoft Visual Studio Solution File, Format Version 12.00
# Visual Studio Version 16
VisualStudioVersion = 16.0.28803.452
MinimumVisualStudioVersion = 10.0.40219.1
Project("{FAE04EC0-301F-11D3-BF4B-00C04F79EFBC}") = "Bieberiser", "Bieberiser\Bieberiser.csproj", "{81320FD9-B8F5-4438-9F8C-FC455637B103}"
EndProject
Global
	GlobalSection(SolutionConfigurationPlatforms) = preSolution
		Debug|Any CPU = Debug|Any CPU
		Release|Any CPU = Release|Any CPU
	EndGlobalSection
	GlobalSection(ProjectConfigurationPlatforms) = postSolution
		{81320FD9-B8F5-4438-9F8C-FC455637B103}.Debug|Any CPU.ActiveCfg = Debug|Any CPU
		{81320FD9-B8F5-4438-9F8C-FC455637B103}.Debug|Any CPU.Build.0 = Debug|Any CPU
		{81320FD9-B8F5-4438-9F8C-FC455637B103}.Release|Any CPU.ActiveCfg = Release|Any CPU
		{81320FD9-B8F5-4438-9F8C-FC455637B103}.Release|Any CPU.Build.0 = Release|Any CPU
	EndGlobalSection
	GlobalSection(SolutionProperties) = preSolution
		HideSolutionNode = FALSE
	EndGlobalSection
	GlobalSection(ExtensibilityGlobals) = postSolution
		SolutionGuid = {21F322FE-6B64-4375-9BBB-661ED869A97E}
	EndGlobalSection
EndGlobal
